
Microsoft Visual Studio Solution File, Format Version 12.00
# Visual Studio Version 17
VisualStudioVersion = 17.14.36301.6
MinimumVisualStudioVersion = 10.0.40219.1
Project("{FAE04EC0-301F-11D3-BF4B-00C04F79EFBC}") = "DevHobby.Code.Lego", "DevHobby.Code.Lego\DevHobby.Code.Lego.csproj", "{0205FCAA-CB3E-4C4E-B27D-325A14E4DDC3}"
EndProject
Project("{FAE04EC0-301F-11D3-BF4B-00C04F79EFBC}") = "DevHobby.Code.RPG", "DevHobby.Code.RPG\DevHobby.Code.RPG.csproj", "{0D6C70D1-6625-41C2-BE44-73DFADF21EBA}"
EndProject
Global
	GlobalSection(SolutionConfigurationPlatforms) = preSolution
		Debug|Any CPU = Debug|Any CPU
		Release|Any CPU = Release|Any CPU
	EndGlobalSection
	GlobalSection(ProjectConfigurationPlatforms) = postSolution
		{0205FCAA-CB3E-4C4E-B27D-325A14E4DDC3}.Debug|Any CPU.ActiveCfg = Debug|Any CPU
		{0205FCAA-CB3E-4C4E-B27D-325A14E4DDC3}.Debug|Any CPU.Build.0 = Debug|Any CPU
		{0205FCAA-CB3E-4C4E-B27D-325A14E4DDC3}.Release|Any CPU.ActiveCfg = Release|Any CPU
		{0205FCAA-CB3E-4C4E-B27D-325A14E4DDC3}.Release|Any CPU.Build.0 = Release|Any CPU
		{0D6C70D1-6625-41C2-BE44-73DFADF21EBA}.Debug|Any CPU.ActiveCfg = Debug|Any CPU
		{0D6C70D1-6625-41C2-BE44-73DFADF21EBA}.Debug|Any CPU.Build.0 = Debug|Any CPU
		{0D6C70D1-6625-41C2-BE44-73DFADF21EBA}.Release|Any CPU.ActiveCfg = Release|Any CPU
		{0D6C70D1-6625-41C2-BE44-73DFADF21EBA}.Release|Any CPU.Build.0 = Release|Any CPU
	EndGlobalSection
	GlobalSection(SolutionProperties) = preSolution
		HideSolutionNode = FALSE
	EndGlobalSection
	GlobalSection(ExtensibilityGlobals) = postSolution
		SolutionGuid = {407669B9-3EB5-420D-8CAA-49E0BB0378FF}
	EndGlobalSection
EndGlobal
